
Microsoft Visual Studio Solution File, Format Version 12.00
# Visual Studio Version 16
VisualStudioVersion = 16.0.29926.136
MinimumVisualStudioVersion = 10.0.40219.1
Project("{9A19103F-16F7-4668-BE54-9A1E7A4F7556}") = "Binance.Net", "..\Binance.Net\Binance.Net\Binance.Net.csproj", "{540E5B1C-3A60-4CCD-BD0E-25156C35E452}"
EndProject
Project("{FAE04EC0-301F-11D3-BF4B-00C04F79EFBC}") = "ShareX.HelpersLib", "..\ShareX\ShareX.HelpersLib\ShareX.HelpersLib.csproj", "{327750E1-9FB7-4CC3-8AEA-9BC42180CAD3}"
EndProject
Project("{9A19103F-16F7-4668-BE54-9A1E7A4F7556}") = "BinanceBotLib", "BinanceBotLib\BinanceBotLib.csproj", "{878309BE-5294-4F2C-A04C-D0528B42FD8B}"
EndProject
Project("{FAE04EC0-301F-11D3-BF4B-00C04F79EFBC}") = "BinanceBotConsole", "BinanceBotConsole\BinanceBotConsole.csproj", "{72940829-7A00-479B-B2D5-3113A2DF1531}"
EndProject
Global
	GlobalSection(SolutionConfigurationPlatforms) = preSolution
		Debug|Any CPU = Debug|Any CPU
		Release|Any CPU = Release|Any CPU
		Steam|Any CPU = Steam|Any CPU
		WindowsStore|Any CPU = WindowsStore|Any CPU
		WindowsStoreDebug|Any CPU = WindowsStoreDebug|Any CPU
	EndGlobalSection
	GlobalSection(ProjectConfigurationPlatforms) = postSolution
		{540E5B1C-3A60-4CCD-BD0E-25156C35E452}.Debug|Any CPU.ActiveCfg = Debug|Any CPU
		{540E5B1C-3A60-4CCD-BD0E-25156C35E452}.Debug|Any CPU.Build.0 = Debug|Any CPU
		{540E5B1C-3A60-4CCD-BD0E-25156C35E452}.Release|Any CPU.ActiveCfg = Release|Any CPU
		{540E5B1C-3A60-4CCD-BD0E-25156C35E452}.Release|Any CPU.Build.0 = Release|Any CPU
		{540E5B1C-3A60-4CCD-BD0E-25156C35E452}.Steam|Any CPU.ActiveCfg = Debug|Any CPU
		{540E5B1C-3A60-4CCD-BD0E-25156C35E452}.Steam|Any CPU.Build.0 = Debug|Any CPU
		{540E5B1C-3A60-4CCD-BD0E-25156C35E452}.WindowsStore|Any CPU.ActiveCfg = Debug|Any CPU
		{540E5B1C-3A60-4CCD-BD0E-25156C35E452}.WindowsStore|Any CPU.Build.0 = Debug|Any CPU
		{540E5B1C-3A60-4CCD-BD0E-25156C35E452}.WindowsStoreDebug|Any CPU.ActiveCfg = Debug|Any CPU
		{540E5B1C-3A60-4CCD-BD0E-25156C35E452}.WindowsStoreDebug|Any CPU.Build.0 = Debug|Any CPU
		{327750E1-9FB7-4CC3-8AEA-9BC42180CAD3}.Debug|Any CPU.ActiveCfg = Debug|Any CPU
		{327750E1-9FB7-4CC3-8AEA-9BC42180CAD3}.Debug|Any CPU.Build.0 = Debug|Any CPU
		{327750E1-9FB7-4CC3-8AEA-9BC42180CAD3}.Release|Any CPU.ActiveCfg = Release|Any CPU
		{327750E1-9FB7-4CC3-8AEA-9BC42180CAD3}.Release|Any CPU.Build.0 = Release|Any CPU
		{327750E1-9FB7-4CC3-8AEA-9BC42180CAD3}.Steam|Any CPU.ActiveCfg = Steam|Any CPU
		{327750E1-9FB7-4CC3-8AEA-9BC42180CAD3}.Steam|Any CPU.Build.0 = Steam|Any CPU
		{327750E1-9FB7-4CC3-8AEA-9BC42180CAD3}.WindowsStore|Any CPU.ActiveCfg = WindowsStore|Any CPU
		{327750E1-9FB7-4CC3-8AEA-9BC42180CAD3}.WindowsStore|Any CPU.Build.0 = WindowsStore|Any CPU
		{327750E1-9FB7-4CC3-8AEA-9BC42180CAD3}.WindowsStoreDebug|Any CPU.ActiveCfg = WindowsStoreDebug|Any CPU
		{327750E1-9FB7-4CC3-8AEA-9BC42180CAD3}.WindowsStoreDebug|Any CPU.Build.0 = WindowsStoreDebug|Any CPU
		{878309BE-5294-4F2C-A04C-D0528B42FD8B}.Debug|Any CPU.ActiveCfg = Debug|Any CPU
		{878309BE-5294-4F2C-A04C-D0528B42FD8B}.Debug|Any CPU.Build.0 = Debug|Any CPU
		{878309BE-5294-4F2C-A04C-D0528B42FD8B}.Release|Any CPU.ActiveCfg = Release|Any CPU
		{878309BE-5294-4F2C-A04C-D0528B42FD8B}.Release|Any CPU.Build.0 = Release|Any CPU
		{878309BE-5294-4F2C-A04C-D0528B42FD8B}.Steam|Any CPU.ActiveCfg = Debug|Any CPU
		{878309BE-5294-4F2C-A04C-D0528B42FD8B}.Steam|Any CPU.Build.0 = Debug|Any CPU
		{878309BE-5294-4F2C-A04C-D0528B42FD8B}.WindowsStore|Any CPU.ActiveCfg = Debug|Any CPU
		{878309BE-5294-4F2C-A04C-D0528B42FD8B}.WindowsStore|Any CPU.Build.0 = Debug|Any CPU
		{878309BE-5294-4F2C-A04C-D0528B42FD8B}.WindowsStoreDebug|Any CPU.ActiveCfg = Debug|Any CPU
		{878309BE-5294-4F2C-A04C-D0528B42FD8B}.WindowsStoreDebug|Any CPU.Build.0 = Debug|Any CPU
		{72940829-7A00-479B-B2D5-3113A2DF1531}.Debug|Any CPU.ActiveCfg = Debug|Any CPU
		{72940829-7A00-479B-B2D5-3113A2DF1531}.Debug|Any CPU.Build.0 = Debug|Any CPU
		{72940829-7A00-479B-B2D5-3113A2DF1531}.Release|Any CPU.ActiveCfg = Release|Any CPU
		{72940829-7A00-479B-B2D5-3113A2DF1531}.Release|Any CPU.Build.0 = Release|Any CPU
		{72940829-7A00-479B-B2D5-3113A2DF1531}.Steam|Any CPU.ActiveCfg = Release|Any CPU
		{72940829-7A00-479B-B2D5-3113A2DF1531}.Steam|Any CPU.Build.0 = Release|Any CPU
		{72940829-7A00-479B-B2D5-3113A2DF1531}.WindowsStore|Any CPU.ActiveCfg = Release|Any CPU
		{72940829-7A00-479B-B2D5-3113A2DF1531}.WindowsStore|Any CPU.Build.0 = Release|Any CPU
		{72940829-7A00-479B-B2D5-3113A2DF1531}.WindowsStoreDebug|Any CPU.ActiveCfg = Debug|Any CPU
		{72940829-7A00-479B-B2D5-3113A2DF1531}.WindowsStoreDebug|Any CPU.Build.0 = Debug|Any CPU
	EndGlobalSection
	GlobalSection(SolutionProperties) = preSolution
		HideSolutionNode = FALSE
	EndGlobalSection
	GlobalSection(ExtensibilityGlobals) = postSolution
		SolutionGuid = {BD0B3DF3-409B-48A4-8FF9-E9B72C17E526}
	EndGlobalSection
EndGlobal
