
Microsoft Visual Studio Solution File, Format Version 12.00
# Visual Studio Version 16
VisualStudioVersion = 16.0.30204.135
MinimumVisualStudioVersion = 10.0.40219.1
Project("{9A19103F-16F7-4668-BE54-9A1E7A4F7556}") = "BinanceBotSvc", "BinanceBotSvc\BinanceBotSvc.csproj", "{996EC40F-2356-48DC-862C-5F91B414E8C0}"
EndProject
Project("{9A19103F-16F7-4668-BE54-9A1E7A4F7556}") = "BinanceBotLibStd", "BinanceBotLibStd\BinanceBotLibStd.csproj", "{59D0CC87-8E5A-4B34-B00A-F2A4F577F0C7}"
EndProject
Project("{9A19103F-16F7-4668-BE54-9A1E7A4F7556}") = "ExchangeClientLibStd", "ExchangeClientLibStd\ExchangeClientLibStd.csproj", "{BF8AB28C-DBF4-45A8-90DD-6FB66F6A4D17}"
EndProject
Project("{9A19103F-16F7-4668-BE54-9A1E7A4F7556}") = "BinanceBotWpf", "BinanceBotWpf\BinanceBotWpf.csproj", "{D628A8AE-6021-494B-A3E7-F4549E358DA9}"
EndProject
Project("{9A19103F-16F7-4668-BE54-9A1E7A4F7556}") = "HelpersLibStd", "..\HelpersLib\HelpersLib\HelpersLibStd.csproj", "{02B18F92-1034-4FC2-A11C-6D0D6C18057B}"
EndProject
Global
	GlobalSection(SolutionConfigurationPlatforms) = preSolution
		Debug|Any CPU = Debug|Any CPU
		Release|Any CPU = Release|Any CPU
	EndGlobalSection
	GlobalSection(ProjectConfigurationPlatforms) = postSolution
		{996EC40F-2356-48DC-862C-5F91B414E8C0}.Debug|Any CPU.ActiveCfg = Debug|Any CPU
		{996EC40F-2356-48DC-862C-5F91B414E8C0}.Debug|Any CPU.Build.0 = Debug|Any CPU
		{996EC40F-2356-48DC-862C-5F91B414E8C0}.Release|Any CPU.ActiveCfg = Release|Any CPU
		{996EC40F-2356-48DC-862C-5F91B414E8C0}.Release|Any CPU.Build.0 = Release|Any CPU
		{59D0CC87-8E5A-4B34-B00A-F2A4F577F0C7}.Debug|Any CPU.ActiveCfg = Debug|Any CPU
		{59D0CC87-8E5A-4B34-B00A-F2A4F577F0C7}.Debug|Any CPU.Build.0 = Debug|Any CPU
		{59D0CC87-8E5A-4B34-B00A-F2A4F577F0C7}.Release|Any CPU.ActiveCfg = Release|Any CPU
		{59D0CC87-8E5A-4B34-B00A-F2A4F577F0C7}.Release|Any CPU.Build.0 = Release|Any CPU
		{BF8AB28C-DBF4-45A8-90DD-6FB66F6A4D17}.Debug|Any CPU.ActiveCfg = Debug|Any CPU
		{BF8AB28C-DBF4-45A8-90DD-6FB66F6A4D17}.Debug|Any CPU.Build.0 = Debug|Any CPU
		{BF8AB28C-DBF4-45A8-90DD-6FB66F6A4D17}.Release|Any CPU.ActiveCfg = Release|Any CPU
		{BF8AB28C-DBF4-45A8-90DD-6FB66F6A4D17}.Release|Any CPU.Build.0 = Release|Any CPU
		{D628A8AE-6021-494B-A3E7-F4549E358DA9}.Debug|Any CPU.ActiveCfg = Debug|Any CPU
		{D628A8AE-6021-494B-A3E7-F4549E358DA9}.Debug|Any CPU.Build.0 = Debug|Any CPU
		{D628A8AE-6021-494B-A3E7-F4549E358DA9}.Release|Any CPU.ActiveCfg = Release|Any CPU
		{D628A8AE-6021-494B-A3E7-F4549E358DA9}.Release|Any CPU.Build.0 = Release|Any CPU
		{02B18F92-1034-4FC2-A11C-6D0D6C18057B}.Debug|Any CPU.ActiveCfg = Debug|Any CPU
		{02B18F92-1034-4FC2-A11C-6D0D6C18057B}.Debug|Any CPU.Build.0 = Debug|Any CPU
		{02B18F92-1034-4FC2-A11C-6D0D6C18057B}.Release|Any CPU.ActiveCfg = Release|Any CPU
		{02B18F92-1034-4FC2-A11C-6D0D6C18057B}.Release|Any CPU.Build.0 = Release|Any CPU
	EndGlobalSection
	GlobalSection(SolutionProperties) = preSolution
		HideSolutionNode = FALSE
	EndGlobalSection
	GlobalSection(ExtensibilityGlobals) = postSolution
		SolutionGuid = {9276640E-45F0-4762-9C72-7702406607DD}
	EndGlobalSection
EndGlobal
