
Microsoft Visual Studio Solution File, Format Version 12.00
# Visual Studio Version 17
VisualStudioVersion = 17.3.32825.248
MinimumVisualStudioVersion = 10.0.40219.1
Project("{FAE04EC0-301F-11D3-BF4B-00C04F79EFBC}") = "CoinGrabberConsole", "BinanceBotConsole\CoinGrabberConsole.csproj", "{72940829-7A00-479B-B2D5-3113A2DF1531}"
EndProject
Project("{FAE04EC0-301F-11D3-BF4B-00C04F79EFBC}") = "ShareX.HelpersLib", "..\..\ShareX Team\ShareX\ShareX.HelpersLib\ShareX.HelpersLib.csproj", "{327750E1-9FB7-4CC3-8AEA-9BC42180CAD3}"
EndProject
Global
	GlobalSection(SolutionConfigurationPlatforms) = preSolution
		Debug|Any CPU = Debug|Any CPU
		MicrosoftStore|Any CPU = MicrosoftStore|Any CPU
		MicrosoftStoreDebug|Any CPU = MicrosoftStoreDebug|Any CPU
		Release|Any CPU = Release|Any CPU
		Steam|Any CPU = Steam|Any CPU
		WindowsStore|Any CPU = WindowsStore|Any CPU
		WindowsStoreDebug|Any CPU = WindowsStoreDebug|Any CPU
	EndGlobalSection
	GlobalSection(ProjectConfigurationPlatforms) = postSolution
		{72940829-7A00-479B-B2D5-3113A2DF1531}.Debug|Any CPU.ActiveCfg = Debug|Any CPU
		{72940829-7A00-479B-B2D5-3113A2DF1531}.Debug|Any CPU.Build.0 = Debug|Any CPU
		{72940829-7A00-479B-B2D5-3113A2DF1531}.MicrosoftStore|Any CPU.ActiveCfg = Release|Any CPU
		{72940829-7A00-479B-B2D5-3113A2DF1531}.MicrosoftStore|Any CPU.Build.0 = Release|Any CPU
		{72940829-7A00-479B-B2D5-3113A2DF1531}.MicrosoftStoreDebug|Any CPU.ActiveCfg = Debug|Any CPU
		{72940829-7A00-479B-B2D5-3113A2DF1531}.MicrosoftStoreDebug|Any CPU.Build.0 = Debug|Any CPU
		{72940829-7A00-479B-B2D5-3113A2DF1531}.Release|Any CPU.ActiveCfg = Release|Any CPU
		{72940829-7A00-479B-B2D5-3113A2DF1531}.Release|Any CPU.Build.0 = Release|Any CPU
		{72940829-7A00-479B-B2D5-3113A2DF1531}.Steam|Any CPU.ActiveCfg = Release|Any CPU
		{72940829-7A00-479B-B2D5-3113A2DF1531}.Steam|Any CPU.Build.0 = Release|Any CPU
		{72940829-7A00-479B-B2D5-3113A2DF1531}.WindowsStore|Any CPU.ActiveCfg = Release|Any CPU
		{72940829-7A00-479B-B2D5-3113A2DF1531}.WindowsStore|Any CPU.Build.0 = Release|Any CPU
		{72940829-7A00-479B-B2D5-3113A2DF1531}.WindowsStoreDebug|Any CPU.ActiveCfg = Debug|Any CPU
		{72940829-7A00-479B-B2D5-3113A2DF1531}.WindowsStoreDebug|Any CPU.Build.0 = Debug|Any CPU
		{327750E1-9FB7-4CC3-8AEA-9BC42180CAD3}.Debug|Any CPU.ActiveCfg = Debug|Any CPU
		{327750E1-9FB7-4CC3-8AEA-9BC42180CAD3}.Debug|Any CPU.Build.0 = Debug|Any CPU
		{327750E1-9FB7-4CC3-8AEA-9BC42180CAD3}.MicrosoftStore|Any CPU.ActiveCfg = MicrosoftStore|Any CPU
		{327750E1-9FB7-4CC3-8AEA-9BC42180CAD3}.MicrosoftStore|Any CPU.Build.0 = MicrosoftStore|Any CPU
		{327750E1-9FB7-4CC3-8AEA-9BC42180CAD3}.MicrosoftStoreDebug|Any CPU.ActiveCfg = MicrosoftStoreDebug|Any CPU
		{327750E1-9FB7-4CC3-8AEA-9BC42180CAD3}.MicrosoftStoreDebug|Any CPU.Build.0 = MicrosoftStoreDebug|Any CPU
		{327750E1-9FB7-4CC3-8AEA-9BC42180CAD3}.Release|Any CPU.ActiveCfg = Release|Any CPU
		{327750E1-9FB7-4CC3-8AEA-9BC42180CAD3}.Release|Any CPU.Build.0 = Release|Any CPU
		{327750E1-9FB7-4CC3-8AEA-9BC42180CAD3}.Steam|Any CPU.ActiveCfg = Steam|Any CPU
		{327750E1-9FB7-4CC3-8AEA-9BC42180CAD3}.Steam|Any CPU.Build.0 = Steam|Any CPU
		{327750E1-9FB7-4CC3-8AEA-9BC42180CAD3}.WindowsStore|Any CPU.ActiveCfg = Debug|Any CPU
		{327750E1-9FB7-4CC3-8AEA-9BC42180CAD3}.WindowsStore|Any CPU.Build.0 = Debug|Any CPU
		{327750E1-9FB7-4CC3-8AEA-9BC42180CAD3}.WindowsStoreDebug|Any CPU.ActiveCfg = Debug|Any CPU
		{327750E1-9FB7-4CC3-8AEA-9BC42180CAD3}.WindowsStoreDebug|Any CPU.Build.0 = Debug|Any CPU
	EndGlobalSection
	GlobalSection(SolutionProperties) = preSolution
		HideSolutionNode = FALSE
	EndGlobalSection
	GlobalSection(ExtensibilityGlobals) = postSolution
		SolutionGuid = {BD0B3DF3-409B-48A4-8FF9-E9B72C17E526}
	EndGlobalSection
EndGlobal
