
Microsoft Visual Studio Solution File, Format Version 12.00
# Visual Studio Version 16
VisualStudioVersion = 16.0.30204.135
MinimumVisualStudioVersion = 10.0.40219.1
Project("{FAE04EC0-301F-11D3-BF4B-00C04F79EFBC}") = "BinanceBotMobile.Android", "BinanceBotMobile.Android\BinanceBotMobile.Android.csproj", "{196B4BA5-CC69-4BBC-BBA7-B7FC3EAEE5FD}"
EndProject
Project("{FAE04EC0-301F-11D3-BF4B-00C04F79EFBC}") = "BinanceBotMobile.iOS", "BinanceBotMobile.iOS\BinanceBotMobile.iOS.csproj", "{DBCD753E-A838-44C4-B1DD-DC2055047BCA}"
EndProject
Project("{FAE04EC0-301F-11D3-BF4B-00C04F79EFBC}") = "BinanceBotMobile", "BinanceBotMobile\BinanceBotMobile.csproj", "{D8C4C121-2EAA-4585-BA2D-0D39709D2EBD}"
EndProject
Project("{FAE04EC0-301F-11D3-BF4B-00C04F79EFBC}") = "BinanceBotLib", "..\BinanceBotLib\BinanceBotLib.csproj", "{2291F1C1-DEB0-43B8-B52E-F16784A4F6D6}"
EndProject
Project("{FAE04EC0-301F-11D3-BF4B-00C04F79EFBC}") = "ExchangeClientLib", "..\ExchangeClientLib\ExchangeClientLib.csproj", "{1745386A-69A5-40B0-81C6-8F7BB1EDFA87}"
EndProject
Project("{FAE04EC0-301F-11D3-BF4B-00C04F79EFBC}") = "ShareX.HelpersLib", "..\..\ShareX\ShareX.HelpersLib\ShareX.HelpersLib.csproj", "{327750E1-9FB7-4CC3-8AEA-9BC42180CAD3}"
EndProject
Global
	GlobalSection(SolutionConfigurationPlatforms) = preSolution
		Debug|Any CPU = Debug|Any CPU
		Debug|iPhone = Debug|iPhone
		Debug|iPhoneSimulator = Debug|iPhoneSimulator
		Release|Any CPU = Release|Any CPU
		Release|iPhone = Release|iPhone
		Release|iPhoneSimulator = Release|iPhoneSimulator
		Steam|Any CPU = Steam|Any CPU
		Steam|iPhone = Steam|iPhone
		Steam|iPhoneSimulator = Steam|iPhoneSimulator
		WindowsStore|Any CPU = WindowsStore|Any CPU
		WindowsStore|iPhone = WindowsStore|iPhone
		WindowsStore|iPhoneSimulator = WindowsStore|iPhoneSimulator
		WindowsStoreDebug|Any CPU = WindowsStoreDebug|Any CPU
		WindowsStoreDebug|iPhone = WindowsStoreDebug|iPhone
		WindowsStoreDebug|iPhoneSimulator = WindowsStoreDebug|iPhoneSimulator
	EndGlobalSection
	GlobalSection(ProjectConfigurationPlatforms) = postSolution
		{196B4BA5-CC69-4BBC-BBA7-B7FC3EAEE5FD}.Debug|Any CPU.ActiveCfg = Debug|Any CPU
		{196B4BA5-CC69-4BBC-BBA7-B7FC3EAEE5FD}.Debug|Any CPU.Build.0 = Debug|Any CPU
		{196B4BA5-CC69-4BBC-BBA7-B7FC3EAEE5FD}.Debug|Any CPU.Deploy.0 = Debug|Any CPU
		{196B4BA5-CC69-4BBC-BBA7-B7FC3EAEE5FD}.Debug|iPhone.ActiveCfg = Debug|Any CPU
		{196B4BA5-CC69-4BBC-BBA7-B7FC3EAEE5FD}.Debug|iPhone.Build.0 = Debug|Any CPU
		{196B4BA5-CC69-4BBC-BBA7-B7FC3EAEE5FD}.Debug|iPhone.Deploy.0 = Debug|Any CPU
		{196B4BA5-CC69-4BBC-BBA7-B7FC3EAEE5FD}.Debug|iPhoneSimulator.ActiveCfg = Debug|Any CPU
		{196B4BA5-CC69-4BBC-BBA7-B7FC3EAEE5FD}.Debug|iPhoneSimulator.Build.0 = Debug|Any CPU
		{196B4BA5-CC69-4BBC-BBA7-B7FC3EAEE5FD}.Debug|iPhoneSimulator.Deploy.0 = Debug|Any CPU
		{196B4BA5-CC69-4BBC-BBA7-B7FC3EAEE5FD}.Release|Any CPU.ActiveCfg = Release|Any CPU
		{196B4BA5-CC69-4BBC-BBA7-B7FC3EAEE5FD}.Release|Any CPU.Build.0 = Release|Any CPU
		{196B4BA5-CC69-4BBC-BBA7-B7FC3EAEE5FD}.Release|Any CPU.Deploy.0 = Release|Any CPU
		{196B4BA5-CC69-4BBC-BBA7-B7FC3EAEE5FD}.Release|iPhone.ActiveCfg = Release|Any CPU
		{196B4BA5-CC69-4BBC-BBA7-B7FC3EAEE5FD}.Release|iPhone.Build.0 = Release|Any CPU
		{196B4BA5-CC69-4BBC-BBA7-B7FC3EAEE5FD}.Release|iPhone.Deploy.0 = Release|Any CPU
		{196B4BA5-CC69-4BBC-BBA7-B7FC3EAEE5FD}.Release|iPhoneSimulator.ActiveCfg = Release|Any CPU
		{196B4BA5-CC69-4BBC-BBA7-B7FC3EAEE5FD}.Release|iPhoneSimulator.Build.0 = Release|Any CPU
		{196B4BA5-CC69-4BBC-BBA7-B7FC3EAEE5FD}.Release|iPhoneSimulator.Deploy.0 = Release|Any CPU
		{196B4BA5-CC69-4BBC-BBA7-B7FC3EAEE5FD}.Steam|Any CPU.ActiveCfg = Release|Any CPU
		{196B4BA5-CC69-4BBC-BBA7-B7FC3EAEE5FD}.Steam|Any CPU.Build.0 = Release|Any CPU
		{196B4BA5-CC69-4BBC-BBA7-B7FC3EAEE5FD}.Steam|Any CPU.Deploy.0 = Release|Any CPU
		{196B4BA5-CC69-4BBC-BBA7-B7FC3EAEE5FD}.Steam|iPhone.ActiveCfg = Release|Any CPU
		{196B4BA5-CC69-4BBC-BBA7-B7FC3EAEE5FD}.Steam|iPhone.Build.0 = Release|Any CPU
		{196B4BA5-CC69-4BBC-BBA7-B7FC3EAEE5FD}.Steam|iPhone.Deploy.0 = Release|Any CPU
		{196B4BA5-CC69-4BBC-BBA7-B7FC3EAEE5FD}.Steam|iPhoneSimulator.ActiveCfg = Release|Any CPU
		{196B4BA5-CC69-4BBC-BBA7-B7FC3EAEE5FD}.Steam|iPhoneSimulator.Build.0 = Release|Any CPU
		{196B4BA5-CC69-4BBC-BBA7-B7FC3EAEE5FD}.Steam|iPhoneSimulator.Deploy.0 = Release|Any CPU
		{196B4BA5-CC69-4BBC-BBA7-B7FC3EAEE5FD}.WindowsStore|Any CPU.ActiveCfg = Release|Any CPU
		{196B4BA5-CC69-4BBC-BBA7-B7FC3EAEE5FD}.WindowsStore|Any CPU.Build.0 = Release|Any CPU
		{196B4BA5-CC69-4BBC-BBA7-B7FC3EAEE5FD}.WindowsStore|Any CPU.Deploy.0 = Release|Any CPU
		{196B4BA5-CC69-4BBC-BBA7-B7FC3EAEE5FD}.WindowsStore|iPhone.ActiveCfg = Release|Any CPU
		{196B4BA5-CC69-4BBC-BBA7-B7FC3EAEE5FD}.WindowsStore|iPhone.Build.0 = Release|Any CPU
		{196B4BA5-CC69-4BBC-BBA7-B7FC3EAEE5FD}.WindowsStore|iPhone.Deploy.0 = Release|Any CPU
		{196B4BA5-CC69-4BBC-BBA7-B7FC3EAEE5FD}.WindowsStore|iPhoneSimulator.ActiveCfg = Release|Any CPU
		{196B4BA5-CC69-4BBC-BBA7-B7FC3EAEE5FD}.WindowsStore|iPhoneSimulator.Build.0 = Release|Any CPU
		{196B4BA5-CC69-4BBC-BBA7-B7FC3EAEE5FD}.WindowsStore|iPhoneSimulator.Deploy.0 = Release|Any CPU
		{196B4BA5-CC69-4BBC-BBA7-B7FC3EAEE5FD}.WindowsStoreDebug|Any CPU.ActiveCfg = Debug|Any CPU
		{196B4BA5-CC69-4BBC-BBA7-B7FC3EAEE5FD}.WindowsStoreDebug|Any CPU.Build.0 = Debug|Any CPU
		{196B4BA5-CC69-4BBC-BBA7-B7FC3EAEE5FD}.WindowsStoreDebug|Any CPU.Deploy.0 = Debug|Any CPU
		{196B4BA5-CC69-4BBC-BBA7-B7FC3EAEE5FD}.WindowsStoreDebug|iPhone.ActiveCfg = Debug|Any CPU
		{196B4BA5-CC69-4BBC-BBA7-B7FC3EAEE5FD}.WindowsStoreDebug|iPhone.Build.0 = Debug|Any CPU
		{196B4BA5-CC69-4BBC-BBA7-B7FC3EAEE5FD}.WindowsStoreDebug|iPhone.Deploy.0 = Debug|Any CPU
		{196B4BA5-CC69-4BBC-BBA7-B7FC3EAEE5FD}.WindowsStoreDebug|iPhoneSimulator.ActiveCfg = Debug|Any CPU
		{196B4BA5-CC69-4BBC-BBA7-B7FC3EAEE5FD}.WindowsStoreDebug|iPhoneSimulator.Build.0 = Debug|Any CPU
		{196B4BA5-CC69-4BBC-BBA7-B7FC3EAEE5FD}.WindowsStoreDebug|iPhoneSimulator.Deploy.0 = Debug|Any CPU
		{DBCD753E-A838-44C4-B1DD-DC2055047BCA}.Debug|Any CPU.ActiveCfg = Debug|iPhone
		{DBCD753E-A838-44C4-B1DD-DC2055047BCA}.Debug|Any CPU.Build.0 = Debug|iPhone
		{DBCD753E-A838-44C4-B1DD-DC2055047BCA}.Debug|Any CPU.Deploy.0 = Debug|iPhone
		{DBCD753E-A838-44C4-B1DD-DC2055047BCA}.Debug|iPhone.ActiveCfg = Debug|iPhone
		{DBCD753E-A838-44C4-B1DD-DC2055047BCA}.Debug|iPhone.Build.0 = Debug|iPhone
		{DBCD753E-A838-44C4-B1DD-DC2055047BCA}.Debug|iPhone.Deploy.0 = Debug|iPhone
		{DBCD753E-A838-44C4-B1DD-DC2055047BCA}.Debug|iPhoneSimulator.ActiveCfg = Debug|iPhoneSimulator
		{DBCD753E-A838-44C4-B1DD-DC2055047BCA}.Debug|iPhoneSimulator.Build.0 = Debug|iPhoneSimulator
		{DBCD753E-A838-44C4-B1DD-DC2055047BCA}.Debug|iPhoneSimulator.Deploy.0 = Debug|iPhoneSimulator
		{DBCD753E-A838-44C4-B1DD-DC2055047BCA}.Release|Any CPU.ActiveCfg = Release|iPhone
		{DBCD753E-A838-44C4-B1DD-DC2055047BCA}.Release|Any CPU.Build.0 = Release|iPhone
		{DBCD753E-A838-44C4-B1DD-DC2055047BCA}.Release|Any CPU.Deploy.0 = Release|iPhone
		{DBCD753E-A838-44C4-B1DD-DC2055047BCA}.Release|iPhone.ActiveCfg = Release|iPhone
		{DBCD753E-A838-44C4-B1DD-DC2055047BCA}.Release|iPhone.Build.0 = Release|iPhone
		{DBCD753E-A838-44C4-B1DD-DC2055047BCA}.Release|iPhone.Deploy.0 = Release|iPhone
		{DBCD753E-A838-44C4-B1DD-DC2055047BCA}.Release|iPhoneSimulator.ActiveCfg = Release|iPhoneSimulator
		{DBCD753E-A838-44C4-B1DD-DC2055047BCA}.Release|iPhoneSimulator.Build.0 = Release|iPhoneSimulator
		{DBCD753E-A838-44C4-B1DD-DC2055047BCA}.Release|iPhoneSimulator.Deploy.0 = Release|iPhoneSimulator
		{DBCD753E-A838-44C4-B1DD-DC2055047BCA}.Steam|Any CPU.ActiveCfg = Release|iPhone
		{DBCD753E-A838-44C4-B1DD-DC2055047BCA}.Steam|Any CPU.Build.0 = Release|iPhone
		{DBCD753E-A838-44C4-B1DD-DC2055047BCA}.Steam|Any CPU.Deploy.0 = Release|iPhone
		{DBCD753E-A838-44C4-B1DD-DC2055047BCA}.Steam|iPhone.ActiveCfg = Release|iPhone
		{DBCD753E-A838-44C4-B1DD-DC2055047BCA}.Steam|iPhone.Build.0 = Release|iPhone
		{DBCD753E-A838-44C4-B1DD-DC2055047BCA}.Steam|iPhone.Deploy.0 = Release|iPhone
		{DBCD753E-A838-44C4-B1DD-DC2055047BCA}.Steam|iPhoneSimulator.ActiveCfg = Release|iPhoneSimulator
		{DBCD753E-A838-44C4-B1DD-DC2055047BCA}.Steam|iPhoneSimulator.Build.0 = Release|iPhoneSimulator
		{DBCD753E-A838-44C4-B1DD-DC2055047BCA}.Steam|iPhoneSimulator.Deploy.0 = Release|iPhoneSimulator
		{DBCD753E-A838-44C4-B1DD-DC2055047BCA}.WindowsStore|Any CPU.ActiveCfg = Release|iPhone
		{DBCD753E-A838-44C4-B1DD-DC2055047BCA}.WindowsStore|Any CPU.Build.0 = Release|iPhone
		{DBCD753E-A838-44C4-B1DD-DC2055047BCA}.WindowsStore|Any CPU.Deploy.0 = Release|iPhone
		{DBCD753E-A838-44C4-B1DD-DC2055047BCA}.WindowsStore|iPhone.ActiveCfg = Release|iPhone
		{DBCD753E-A838-44C4-B1DD-DC2055047BCA}.WindowsStore|iPhone.Build.0 = Release|iPhone
		{DBCD753E-A838-44C4-B1DD-DC2055047BCA}.WindowsStore|iPhone.Deploy.0 = Release|iPhone
		{DBCD753E-A838-44C4-B1DD-DC2055047BCA}.WindowsStore|iPhoneSimulator.ActiveCfg = Release|iPhoneSimulator
		{DBCD753E-A838-44C4-B1DD-DC2055047BCA}.WindowsStore|iPhoneSimulator.Build.0 = Release|iPhoneSimulator
		{DBCD753E-A838-44C4-B1DD-DC2055047BCA}.WindowsStore|iPhoneSimulator.Deploy.0 = Release|iPhoneSimulator
		{DBCD753E-A838-44C4-B1DD-DC2055047BCA}.WindowsStoreDebug|Any CPU.ActiveCfg = Release|iPhone
		{DBCD753E-A838-44C4-B1DD-DC2055047BCA}.WindowsStoreDebug|Any CPU.Build.0 = Release|iPhone
		{DBCD753E-A838-44C4-B1DD-DC2055047BCA}.WindowsStoreDebug|Any CPU.Deploy.0 = Release|iPhone
		{DBCD753E-A838-44C4-B1DD-DC2055047BCA}.WindowsStoreDebug|iPhone.ActiveCfg = Debug|iPhone
		{DBCD753E-A838-44C4-B1DD-DC2055047BCA}.WindowsStoreDebug|iPhone.Build.0 = Debug|iPhone
		{DBCD753E-A838-44C4-B1DD-DC2055047BCA}.WindowsStoreDebug|iPhone.Deploy.0 = Debug|iPhone
		{DBCD753E-A838-44C4-B1DD-DC2055047BCA}.WindowsStoreDebug|iPhoneSimulator.ActiveCfg = Debug|iPhoneSimulator
		{DBCD753E-A838-44C4-B1DD-DC2055047BCA}.WindowsStoreDebug|iPhoneSimulator.Build.0 = Debug|iPhoneSimulator
		{DBCD753E-A838-44C4-B1DD-DC2055047BCA}.WindowsStoreDebug|iPhoneSimulator.Deploy.0 = Debug|iPhoneSimulator
		{D8C4C121-2EAA-4585-BA2D-0D39709D2EBD}.Debug|Any CPU.ActiveCfg = Debug|Any CPU
		{D8C4C121-2EAA-4585-BA2D-0D39709D2EBD}.Debug|Any CPU.Build.0 = Debug|Any CPU
		{D8C4C121-2EAA-4585-BA2D-0D39709D2EBD}.Debug|Any CPU.Deploy.0 = Debug|Any CPU
		{D8C4C121-2EAA-4585-BA2D-0D39709D2EBD}.Debug|iPhone.ActiveCfg = Debug|Any CPU
		{D8C4C121-2EAA-4585-BA2D-0D39709D2EBD}.Debug|iPhone.Build.0 = Debug|Any CPU
		{D8C4C121-2EAA-4585-BA2D-0D39709D2EBD}.Debug|iPhone.Deploy.0 = Debug|Any CPU
		{D8C4C121-2EAA-4585-BA2D-0D39709D2EBD}.Debug|iPhoneSimulator.ActiveCfg = Debug|Any CPU
		{D8C4C121-2EAA-4585-BA2D-0D39709D2EBD}.Debug|iPhoneSimulator.Build.0 = Debug|Any CPU
		{D8C4C121-2EAA-4585-BA2D-0D39709D2EBD}.Debug|iPhoneSimulator.Deploy.0 = Debug|Any CPU
		{D8C4C121-2EAA-4585-BA2D-0D39709D2EBD}.Release|Any CPU.ActiveCfg = Release|Any CPU
		{D8C4C121-2EAA-4585-BA2D-0D39709D2EBD}.Release|Any CPU.Build.0 = Release|Any CPU
		{D8C4C121-2EAA-4585-BA2D-0D39709D2EBD}.Release|Any CPU.Deploy.0 = Release|Any CPU
		{D8C4C121-2EAA-4585-BA2D-0D39709D2EBD}.Release|iPhone.ActiveCfg = Release|Any CPU
		{D8C4C121-2EAA-4585-BA2D-0D39709D2EBD}.Release|iPhone.Build.0 = Release|Any CPU
		{D8C4C121-2EAA-4585-BA2D-0D39709D2EBD}.Release|iPhone.Deploy.0 = Release|Any CPU
		{D8C4C121-2EAA-4585-BA2D-0D39709D2EBD}.Release|iPhoneSimulator.ActiveCfg = Release|Any CPU
		{D8C4C121-2EAA-4585-BA2D-0D39709D2EBD}.Release|iPhoneSimulator.Build.0 = Release|Any CPU
		{D8C4C121-2EAA-4585-BA2D-0D39709D2EBD}.Release|iPhoneSimulator.Deploy.0 = Release|Any CPU
		{D8C4C121-2EAA-4585-BA2D-0D39709D2EBD}.Steam|Any CPU.ActiveCfg = Debug|Any CPU
		{D8C4C121-2EAA-4585-BA2D-0D39709D2EBD}.Steam|Any CPU.Build.0 = Debug|Any CPU
		{D8C4C121-2EAA-4585-BA2D-0D39709D2EBD}.Steam|iPhone.ActiveCfg = Debug|Any CPU
		{D8C4C121-2EAA-4585-BA2D-0D39709D2EBD}.Steam|iPhone.Build.0 = Debug|Any CPU
		{D8C4C121-2EAA-4585-BA2D-0D39709D2EBD}.Steam|iPhoneSimulator.ActiveCfg = Debug|Any CPU
		{D8C4C121-2EAA-4585-BA2D-0D39709D2EBD}.Steam|iPhoneSimulator.Build.0 = Debug|Any CPU
		{D8C4C121-2EAA-4585-BA2D-0D39709D2EBD}.WindowsStore|Any CPU.ActiveCfg = Debug|Any CPU
		{D8C4C121-2EAA-4585-BA2D-0D39709D2EBD}.WindowsStore|Any CPU.Build.0 = Debug|Any CPU
		{D8C4C121-2EAA-4585-BA2D-0D39709D2EBD}.WindowsStore|iPhone.ActiveCfg = Debug|Any CPU
		{D8C4C121-2EAA-4585-BA2D-0D39709D2EBD}.WindowsStore|iPhone.Build.0 = Debug|Any CPU
		{D8C4C121-2EAA-4585-BA2D-0D39709D2EBD}.WindowsStore|iPhoneSimulator.ActiveCfg = Debug|Any CPU
		{D8C4C121-2EAA-4585-BA2D-0D39709D2EBD}.WindowsStore|iPhoneSimulator.Build.0 = Debug|Any CPU
		{D8C4C121-2EAA-4585-BA2D-0D39709D2EBD}.WindowsStoreDebug|Any CPU.ActiveCfg = Debug|Any CPU
		{D8C4C121-2EAA-4585-BA2D-0D39709D2EBD}.WindowsStoreDebug|Any CPU.Build.0 = Debug|Any CPU
		{D8C4C121-2EAA-4585-BA2D-0D39709D2EBD}.WindowsStoreDebug|iPhone.ActiveCfg = Debug|Any CPU
		{D8C4C121-2EAA-4585-BA2D-0D39709D2EBD}.WindowsStoreDebug|iPhone.Build.0 = Debug|Any CPU
		{D8C4C121-2EAA-4585-BA2D-0D39709D2EBD}.WindowsStoreDebug|iPhoneSimulator.ActiveCfg = Debug|Any CPU
		{D8C4C121-2EAA-4585-BA2D-0D39709D2EBD}.WindowsStoreDebug|iPhoneSimulator.Build.0 = Debug|Any CPU
		{2291F1C1-DEB0-43B8-B52E-F16784A4F6D6}.Debug|Any CPU.ActiveCfg = Debug|Any CPU
		{2291F1C1-DEB0-43B8-B52E-F16784A4F6D6}.Debug|Any CPU.Build.0 = Debug|Any CPU
		{2291F1C1-DEB0-43B8-B52E-F16784A4F6D6}.Debug|iPhone.ActiveCfg = Debug|Any CPU
		{2291F1C1-DEB0-43B8-B52E-F16784A4F6D6}.Debug|iPhone.Build.0 = Debug|Any CPU
		{2291F1C1-DEB0-43B8-B52E-F16784A4F6D6}.Debug|iPhoneSimulator.ActiveCfg = Debug|Any CPU
		{2291F1C1-DEB0-43B8-B52E-F16784A4F6D6}.Debug|iPhoneSimulator.Build.0 = Debug|Any CPU
		{2291F1C1-DEB0-43B8-B52E-F16784A4F6D6}.Release|Any CPU.ActiveCfg = Release|Any CPU
		{2291F1C1-DEB0-43B8-B52E-F16784A4F6D6}.Release|Any CPU.Build.0 = Release|Any CPU
		{2291F1C1-DEB0-43B8-B52E-F16784A4F6D6}.Release|iPhone.ActiveCfg = Release|Any CPU
		{2291F1C1-DEB0-43B8-B52E-F16784A4F6D6}.Release|iPhone.Build.0 = Release|Any CPU
		{2291F1C1-DEB0-43B8-B52E-F16784A4F6D6}.Release|iPhoneSimulator.ActiveCfg = Release|Any CPU
		{2291F1C1-DEB0-43B8-B52E-F16784A4F6D6}.Release|iPhoneSimulator.Build.0 = Release|Any CPU
		{2291F1C1-DEB0-43B8-B52E-F16784A4F6D6}.Steam|Any CPU.ActiveCfg = Release|Any CPU
		{2291F1C1-DEB0-43B8-B52E-F16784A4F6D6}.Steam|Any CPU.Build.0 = Release|Any CPU
		{2291F1C1-DEB0-43B8-B52E-F16784A4F6D6}.Steam|iPhone.ActiveCfg = Release|Any CPU
		{2291F1C1-DEB0-43B8-B52E-F16784A4F6D6}.Steam|iPhone.Build.0 = Release|Any CPU
		{2291F1C1-DEB0-43B8-B52E-F16784A4F6D6}.Steam|iPhoneSimulator.ActiveCfg = Release|Any CPU
		{2291F1C1-DEB0-43B8-B52E-F16784A4F6D6}.Steam|iPhoneSimulator.Build.0 = Release|Any CPU
		{2291F1C1-DEB0-43B8-B52E-F16784A4F6D6}.WindowsStore|Any CPU.ActiveCfg = Release|Any CPU
		{2291F1C1-DEB0-43B8-B52E-F16784A4F6D6}.WindowsStore|Any CPU.Build.0 = Release|Any CPU
		{2291F1C1-DEB0-43B8-B52E-F16784A4F6D6}.WindowsStore|iPhone.ActiveCfg = Release|Any CPU
		{2291F1C1-DEB0-43B8-B52E-F16784A4F6D6}.WindowsStore|iPhone.Build.0 = Release|Any CPU
		{2291F1C1-DEB0-43B8-B52E-F16784A4F6D6}.WindowsStore|iPhoneSimulator.ActiveCfg = Release|Any CPU
		{2291F1C1-DEB0-43B8-B52E-F16784A4F6D6}.WindowsStore|iPhoneSimulator.Build.0 = Release|Any CPU
		{2291F1C1-DEB0-43B8-B52E-F16784A4F6D6}.WindowsStoreDebug|Any CPU.ActiveCfg = Debug|Any CPU
		{2291F1C1-DEB0-43B8-B52E-F16784A4F6D6}.WindowsStoreDebug|Any CPU.Build.0 = Debug|Any CPU
		{2291F1C1-DEB0-43B8-B52E-F16784A4F6D6}.WindowsStoreDebug|iPhone.ActiveCfg = Debug|Any CPU
		{2291F1C1-DEB0-43B8-B52E-F16784A4F6D6}.WindowsStoreDebug|iPhone.Build.0 = Debug|Any CPU
		{2291F1C1-DEB0-43B8-B52E-F16784A4F6D6}.WindowsStoreDebug|iPhoneSimulator.ActiveCfg = Debug|Any CPU
		{2291F1C1-DEB0-43B8-B52E-F16784A4F6D6}.WindowsStoreDebug|iPhoneSimulator.Build.0 = Debug|Any CPU
		{1745386A-69A5-40B0-81C6-8F7BB1EDFA87}.Debug|Any CPU.ActiveCfg = Debug|Any CPU
		{1745386A-69A5-40B0-81C6-8F7BB1EDFA87}.Debug|Any CPU.Build.0 = Debug|Any CPU
		{1745386A-69A5-40B0-81C6-8F7BB1EDFA87}.Debug|iPhone.ActiveCfg = Debug|Any CPU
		{1745386A-69A5-40B0-81C6-8F7BB1EDFA87}.Debug|iPhone.Build.0 = Debug|Any CPU
		{1745386A-69A5-40B0-81C6-8F7BB1EDFA87}.Debug|iPhoneSimulator.ActiveCfg = Debug|Any CPU
		{1745386A-69A5-40B0-81C6-8F7BB1EDFA87}.Debug|iPhoneSimulator.Build.0 = Debug|Any CPU
		{1745386A-69A5-40B0-81C6-8F7BB1EDFA87}.Release|Any CPU.ActiveCfg = Release|Any CPU
		{1745386A-69A5-40B0-81C6-8F7BB1EDFA87}.Release|Any CPU.Build.0 = Release|Any CPU
		{1745386A-69A5-40B0-81C6-8F7BB1EDFA87}.Release|iPhone.ActiveCfg = Release|Any CPU
		{1745386A-69A5-40B0-81C6-8F7BB1EDFA87}.Release|iPhone.Build.0 = Release|Any CPU
		{1745386A-69A5-40B0-81C6-8F7BB1EDFA87}.Release|iPhoneSimulator.ActiveCfg = Release|Any CPU
		{1745386A-69A5-40B0-81C6-8F7BB1EDFA87}.Release|iPhoneSimulator.Build.0 = Release|Any CPU
		{1745386A-69A5-40B0-81C6-8F7BB1EDFA87}.Steam|Any CPU.ActiveCfg = Release|Any CPU
		{1745386A-69A5-40B0-81C6-8F7BB1EDFA87}.Steam|Any CPU.Build.0 = Release|Any CPU
		{1745386A-69A5-40B0-81C6-8F7BB1EDFA87}.Steam|iPhone.ActiveCfg = Release|Any CPU
		{1745386A-69A5-40B0-81C6-8F7BB1EDFA87}.Steam|iPhone.Build.0 = Release|Any CPU
		{1745386A-69A5-40B0-81C6-8F7BB1EDFA87}.Steam|iPhoneSimulator.ActiveCfg = Release|Any CPU
		{1745386A-69A5-40B0-81C6-8F7BB1EDFA87}.Steam|iPhoneSimulator.Build.0 = Release|Any CPU
		{1745386A-69A5-40B0-81C6-8F7BB1EDFA87}.WindowsStore|Any CPU.ActiveCfg = Release|Any CPU
		{1745386A-69A5-40B0-81C6-8F7BB1EDFA87}.WindowsStore|Any CPU.Build.0 = Release|Any CPU
		{1745386A-69A5-40B0-81C6-8F7BB1EDFA87}.WindowsStore|iPhone.ActiveCfg = Release|Any CPU
		{1745386A-69A5-40B0-81C6-8F7BB1EDFA87}.WindowsStore|iPhone.Build.0 = Release|Any CPU
		{1745386A-69A5-40B0-81C6-8F7BB1EDFA87}.WindowsStore|iPhoneSimulator.ActiveCfg = Release|Any CPU
		{1745386A-69A5-40B0-81C6-8F7BB1EDFA87}.WindowsStore|iPhoneSimulator.Build.0 = Release|Any CPU
		{1745386A-69A5-40B0-81C6-8F7BB1EDFA87}.WindowsStoreDebug|Any CPU.ActiveCfg = Debug|Any CPU
		{1745386A-69A5-40B0-81C6-8F7BB1EDFA87}.WindowsStoreDebug|Any CPU.Build.0 = Debug|Any CPU
		{1745386A-69A5-40B0-81C6-8F7BB1EDFA87}.WindowsStoreDebug|iPhone.ActiveCfg = Debug|Any CPU
		{1745386A-69A5-40B0-81C6-8F7BB1EDFA87}.WindowsStoreDebug|iPhone.Build.0 = Debug|Any CPU
		{1745386A-69A5-40B0-81C6-8F7BB1EDFA87}.WindowsStoreDebug|iPhoneSimulator.ActiveCfg = Debug|Any CPU
		{1745386A-69A5-40B0-81C6-8F7BB1EDFA87}.WindowsStoreDebug|iPhoneSimulator.Build.0 = Debug|Any CPU
		{327750E1-9FB7-4CC3-8AEA-9BC42180CAD3}.Debug|Any CPU.ActiveCfg = Debug|Any CPU
		{327750E1-9FB7-4CC3-8AEA-9BC42180CAD3}.Debug|Any CPU.Build.0 = Debug|Any CPU
		{327750E1-9FB7-4CC3-8AEA-9BC42180CAD3}.Debug|iPhone.ActiveCfg = Debug|Any CPU
		{327750E1-9FB7-4CC3-8AEA-9BC42180CAD3}.Debug|iPhone.Build.0 = Debug|Any CPU
		{327750E1-9FB7-4CC3-8AEA-9BC42180CAD3}.Debug|iPhoneSimulator.ActiveCfg = Debug|Any CPU
		{327750E1-9FB7-4CC3-8AEA-9BC42180CAD3}.Debug|iPhoneSimulator.Build.0 = Debug|Any CPU
		{327750E1-9FB7-4CC3-8AEA-9BC42180CAD3}.Release|Any CPU.ActiveCfg = Release|Any CPU
		{327750E1-9FB7-4CC3-8AEA-9BC42180CAD3}.Release|Any CPU.Build.0 = Release|Any CPU
		{327750E1-9FB7-4CC3-8AEA-9BC42180CAD3}.Release|iPhone.ActiveCfg = Release|Any CPU
		{327750E1-9FB7-4CC3-8AEA-9BC42180CAD3}.Release|iPhone.Build.0 = Release|Any CPU
		{327750E1-9FB7-4CC3-8AEA-9BC42180CAD3}.Release|iPhoneSimulator.ActiveCfg = Release|Any CPU
		{327750E1-9FB7-4CC3-8AEA-9BC42180CAD3}.Release|iPhoneSimulator.Build.0 = Release|Any CPU
		{327750E1-9FB7-4CC3-8AEA-9BC42180CAD3}.Steam|Any CPU.ActiveCfg = Steam|Any CPU
		{327750E1-9FB7-4CC3-8AEA-9BC42180CAD3}.Steam|Any CPU.Build.0 = Steam|Any CPU
		{327750E1-9FB7-4CC3-8AEA-9BC42180CAD3}.Steam|iPhone.ActiveCfg = Steam|Any CPU
		{327750E1-9FB7-4CC3-8AEA-9BC42180CAD3}.Steam|iPhone.Build.0 = Steam|Any CPU
		{327750E1-9FB7-4CC3-8AEA-9BC42180CAD3}.Steam|iPhoneSimulator.ActiveCfg = Steam|Any CPU
		{327750E1-9FB7-4CC3-8AEA-9BC42180CAD3}.Steam|iPhoneSimulator.Build.0 = Steam|Any CPU
		{327750E1-9FB7-4CC3-8AEA-9BC42180CAD3}.WindowsStore|Any CPU.ActiveCfg = WindowsStore|Any CPU
		{327750E1-9FB7-4CC3-8AEA-9BC42180CAD3}.WindowsStore|Any CPU.Build.0 = WindowsStore|Any CPU
		{327750E1-9FB7-4CC3-8AEA-9BC42180CAD3}.WindowsStore|iPhone.ActiveCfg = WindowsStore|Any CPU
		{327750E1-9FB7-4CC3-8AEA-9BC42180CAD3}.WindowsStore|iPhone.Build.0 = WindowsStore|Any CPU
		{327750E1-9FB7-4CC3-8AEA-9BC42180CAD3}.WindowsStore|iPhoneSimulator.ActiveCfg = WindowsStore|Any CPU
		{327750E1-9FB7-4CC3-8AEA-9BC42180CAD3}.WindowsStore|iPhoneSimulator.Build.0 = WindowsStore|Any CPU
		{327750E1-9FB7-4CC3-8AEA-9BC42180CAD3}.WindowsStoreDebug|Any CPU.ActiveCfg = WindowsStoreDebug|Any CPU
		{327750E1-9FB7-4CC3-8AEA-9BC42180CAD3}.WindowsStoreDebug|Any CPU.Build.0 = WindowsStoreDebug|Any CPU
		{327750E1-9FB7-4CC3-8AEA-9BC42180CAD3}.WindowsStoreDebug|iPhone.ActiveCfg = WindowsStoreDebug|Any CPU
		{327750E1-9FB7-4CC3-8AEA-9BC42180CAD3}.WindowsStoreDebug|iPhone.Build.0 = WindowsStoreDebug|Any CPU
		{327750E1-9FB7-4CC3-8AEA-9BC42180CAD3}.WindowsStoreDebug|iPhoneSimulator.ActiveCfg = WindowsStoreDebug|Any CPU
		{327750E1-9FB7-4CC3-8AEA-9BC42180CAD3}.WindowsStoreDebug|iPhoneSimulator.Build.0 = WindowsStoreDebug|Any CPU
	EndGlobalSection
	GlobalSection(SolutionProperties) = preSolution
		HideSolutionNode = FALSE
	EndGlobalSection
	GlobalSection(ExtensibilityGlobals) = postSolution
		SolutionGuid = {5311AFFE-12ED-45F4-9148-1D4219098117}
	EndGlobalSection
EndGlobal
