
Microsoft Visual Studio Solution File, Format Version 12.00
# Visual Studio Version 16
VisualStudioVersion = 16.0.30204.135
MinimumVisualStudioVersion = 10.0.40219.1
Project("{FAE04EC0-301F-11D3-BF4B-00C04F79EFBC}") = "BinanceBotMobile.Android", "BinanceBotMobile.Android\BinanceBotMobile.Android.csproj", "{196B4BA5-CC69-4BBC-BBA7-B7FC3EAEE5FD}"
EndProject
Project("{FAE04EC0-301F-11D3-BF4B-00C04F79EFBC}") = "BinanceBotMobile.iOS", "BinanceBotMobile.iOS\BinanceBotMobile.iOS.csproj", "{DBCD753E-A838-44C4-B1DD-DC2055047BCA}"
EndProject
Project("{9A19103F-16F7-4668-BE54-9A1E7A4F7556}") = "BinanceBotMobile", "BinanceBotMobile\BinanceBotMobile.csproj", "{D8C4C121-2EAA-4585-BA2D-0D39709D2EBD}"
EndProject
Project("{9A19103F-16F7-4668-BE54-9A1E7A4F7556}") = "BinanceBotLibStd", "..\BinanceBotLibStd\BinanceBotLibStd.csproj", "{AE9F7628-ED73-4BB7-8E39-0BF1C1F868FC}"
EndProject
Project("{9A19103F-16F7-4668-BE54-9A1E7A4F7556}") = "HelpersLibStd", "..\..\HelpersLib\HelpersLib\HelpersLibStd.csproj", "{1FE0A8A6-F2BF-4192-AA5B-9EA5F9DB8A5A}"
EndProject
Project("{9A19103F-16F7-4668-BE54-9A1E7A4F7556}") = "ExchangeClientLibStd", "..\ExchangeClientLibStd\ExchangeClientLibStd.csproj", "{7B749ED0-7305-4D1A-88CC-6437CD3B6639}"
EndProject
Global
	GlobalSection(SolutionConfigurationPlatforms) = preSolution
		Debug|Any CPU = Debug|Any CPU
		Debug|iPhone = Debug|iPhone
		Debug|iPhoneSimulator = Debug|iPhoneSimulator
		Release|Any CPU = Release|Any CPU
		Release|iPhone = Release|iPhone
		Release|iPhoneSimulator = Release|iPhoneSimulator
		Steam|Any CPU = Steam|Any CPU
		Steam|iPhone = Steam|iPhone
		Steam|iPhoneSimulator = Steam|iPhoneSimulator
		WindowsStore|Any CPU = WindowsStore|Any CPU
		WindowsStore|iPhone = WindowsStore|iPhone
		WindowsStore|iPhoneSimulator = WindowsStore|iPhoneSimulator
		WindowsStoreDebug|Any CPU = WindowsStoreDebug|Any CPU
		WindowsStoreDebug|iPhone = WindowsStoreDebug|iPhone
		WindowsStoreDebug|iPhoneSimulator = WindowsStoreDebug|iPhoneSimulator
	EndGlobalSection
	GlobalSection(ProjectConfigurationPlatforms) = postSolution
		{196B4BA5-CC69-4BBC-BBA7-B7FC3EAEE5FD}.Debug|Any CPU.ActiveCfg = Debug|Any CPU
		{196B4BA5-CC69-4BBC-BBA7-B7FC3EAEE5FD}.Debug|Any CPU.Build.0 = Debug|Any CPU
		{196B4BA5-CC69-4BBC-BBA7-B7FC3EAEE5FD}.Debug|Any CPU.Deploy.0 = Debug|Any CPU
		{196B4BA5-CC69-4BBC-BBA7-B7FC3EAEE5FD}.Debug|iPhone.ActiveCfg = Debug|Any CPU
		{196B4BA5-CC69-4BBC-BBA7-B7FC3EAEE5FD}.Debug|iPhone.Build.0 = Debug|Any CPU
		{196B4BA5-CC69-4BBC-BBA7-B7FC3EAEE5FD}.Debug|iPhone.Deploy.0 = Debug|Any CPU
		{196B4BA5-CC69-4BBC-BBA7-B7FC3EAEE5FD}.Debug|iPhoneSimulator.ActiveCfg = Debug|Any CPU
		{196B4BA5-CC69-4BBC-BBA7-B7FC3EAEE5FD}.Debug|iPhoneSimulator.Build.0 = Debug|Any CPU
		{196B4BA5-CC69-4BBC-BBA7-B7FC3EAEE5FD}.Debug|iPhoneSimulator.Deploy.0 = Debug|Any CPU
		{196B4BA5-CC69-4BBC-BBA7-B7FC3EAEE5FD}.Release|Any CPU.ActiveCfg = Release|Any CPU
		{196B4BA5-CC69-4BBC-BBA7-B7FC3EAEE5FD}.Release|Any CPU.Build.0 = Release|Any CPU
		{196B4BA5-CC69-4BBC-BBA7-B7FC3EAEE5FD}.Release|Any CPU.Deploy.0 = Release|Any CPU
		{196B4BA5-CC69-4BBC-BBA7-B7FC3EAEE5FD}.Release|iPhone.ActiveCfg = Release|Any CPU
		{196B4BA5-CC69-4BBC-BBA7-B7FC3EAEE5FD}.Release|iPhone.Build.0 = Release|Any CPU
		{196B4BA5-CC69-4BBC-BBA7-B7FC3EAEE5FD}.Release|iPhone.Deploy.0 = Release|Any CPU
		{196B4BA5-CC69-4BBC-BBA7-B7FC3EAEE5FD}.Release|iPhoneSimulator.ActiveCfg = Release|Any CPU
		{196B4BA5-CC69-4BBC-BBA7-B7FC3EAEE5FD}.Release|iPhoneSimulator.Build.0 = Release|Any CPU
		{196B4BA5-CC69-4BBC-BBA7-B7FC3EAEE5FD}.Release|iPhoneSimulator.Deploy.0 = Release|Any CPU
		{196B4BA5-CC69-4BBC-BBA7-B7FC3EAEE5FD}.Steam|Any CPU.ActiveCfg = Release|Any CPU
		{196B4BA5-CC69-4BBC-BBA7-B7FC3EAEE5FD}.Steam|Any CPU.Build.0 = Release|Any CPU
		{196B4BA5-CC69-4BBC-BBA7-B7FC3EAEE5FD}.Steam|Any CPU.Deploy.0 = Release|Any CPU
		{196B4BA5-CC69-4BBC-BBA7-B7FC3EAEE5FD}.Steam|iPhone.ActiveCfg = Release|Any CPU
		{196B4BA5-CC69-4BBC-BBA7-B7FC3EAEE5FD}.Steam|iPhone.Build.0 = Release|Any CPU
		{196B4BA5-CC69-4BBC-BBA7-B7FC3EAEE5FD}.Steam|iPhone.Deploy.0 = Release|Any CPU
		{196B4BA5-CC69-4BBC-BBA7-B7FC3EAEE5FD}.Steam|iPhoneSimulator.ActiveCfg = Release|Any CPU
		{196B4BA5-CC69-4BBC-BBA7-B7FC3EAEE5FD}.Steam|iPhoneSimulator.Build.0 = Release|Any CPU
		{196B4BA5-CC69-4BBC-BBA7-B7FC3EAEE5FD}.Steam|iPhoneSimulator.Deploy.0 = Release|Any CPU
		{196B4BA5-CC69-4BBC-BBA7-B7FC3EAEE5FD}.WindowsStore|Any CPU.ActiveCfg = Release|Any CPU
		{196B4BA5-CC69-4BBC-BBA7-B7FC3EAEE5FD}.WindowsStore|Any CPU.Build.0 = Release|Any CPU
		{196B4BA5-CC69-4BBC-BBA7-B7FC3EAEE5FD}.WindowsStore|Any CPU.Deploy.0 = Release|Any CPU
		{196B4BA5-CC69-4BBC-BBA7-B7FC3EAEE5FD}.WindowsStore|iPhone.ActiveCfg = Release|Any CPU
		{196B4BA5-CC69-4BBC-BBA7-B7FC3EAEE5FD}.WindowsStore|iPhone.Build.0 = Release|Any CPU
		{196B4BA5-CC69-4BBC-BBA7-B7FC3EAEE5FD}.WindowsStore|iPhone.Deploy.0 = Release|Any CPU
		{196B4BA5-CC69-4BBC-BBA7-B7FC3EAEE5FD}.WindowsStore|iPhoneSimulator.ActiveCfg = Release|Any CPU
		{196B4BA5-CC69-4BBC-BBA7-B7FC3EAEE5FD}.WindowsStore|iPhoneSimulator.Build.0 = Release|Any CPU
		{196B4BA5-CC69-4BBC-BBA7-B7FC3EAEE5FD}.WindowsStore|iPhoneSimulator.Deploy.0 = Release|Any CPU
		{196B4BA5-CC69-4BBC-BBA7-B7FC3EAEE5FD}.WindowsStoreDebug|Any CPU.ActiveCfg = Debug|Any CPU
		{196B4BA5-CC69-4BBC-BBA7-B7FC3EAEE5FD}.WindowsStoreDebug|Any CPU.Build.0 = Debug|Any CPU
		{196B4BA5-CC69-4BBC-BBA7-B7FC3EAEE5FD}.WindowsStoreDebug|Any CPU.Deploy.0 = Debug|Any CPU
		{196B4BA5-CC69-4BBC-BBA7-B7FC3EAEE5FD}.WindowsStoreDebug|iPhone.ActiveCfg = Debug|Any CPU
		{196B4BA5-CC69-4BBC-BBA7-B7FC3EAEE5FD}.WindowsStoreDebug|iPhone.Build.0 = Debug|Any CPU
		{196B4BA5-CC69-4BBC-BBA7-B7FC3EAEE5FD}.WindowsStoreDebug|iPhone.Deploy.0 = Debug|Any CPU
		{196B4BA5-CC69-4BBC-BBA7-B7FC3EAEE5FD}.WindowsStoreDebug|iPhoneSimulator.ActiveCfg = Debug|Any CPU
		{196B4BA5-CC69-4BBC-BBA7-B7FC3EAEE5FD}.WindowsStoreDebug|iPhoneSimulator.Build.0 = Debug|Any CPU
		{196B4BA5-CC69-4BBC-BBA7-B7FC3EAEE5FD}.WindowsStoreDebug|iPhoneSimulator.Deploy.0 = Debug|Any CPU
		{DBCD753E-A838-44C4-B1DD-DC2055047BCA}.Debug|Any CPU.ActiveCfg = Debug|iPhone
		{DBCD753E-A838-44C4-B1DD-DC2055047BCA}.Debug|Any CPU.Build.0 = Debug|iPhone
		{DBCD753E-A838-44C4-B1DD-DC2055047BCA}.Debug|Any CPU.Deploy.0 = Debug|iPhone
		{DBCD753E-A838-44C4-B1DD-DC2055047BCA}.Debug|iPhone.ActiveCfg = Debug|iPhone
		{DBCD753E-A838-44C4-B1DD-DC2055047BCA}.Debug|iPhone.Build.0 = Debug|iPhone
		{DBCD753E-A838-44C4-B1DD-DC2055047BCA}.Debug|iPhone.Deploy.0 = Debug|iPhone
		{DBCD753E-A838-44C4-B1DD-DC2055047BCA}.Debug|iPhoneSimulator.ActiveCfg = Debug|iPhoneSimulator
		{DBCD753E-A838-44C4-B1DD-DC2055047BCA}.Debug|iPhoneSimulator.Build.0 = Debug|iPhoneSimulator
		{DBCD753E-A838-44C4-B1DD-DC2055047BCA}.Debug|iPhoneSimulator.Deploy.0 = Debug|iPhoneSimulator
		{DBCD753E-A838-44C4-B1DD-DC2055047BCA}.Release|Any CPU.ActiveCfg = Release|iPhone
		{DBCD753E-A838-44C4-B1DD-DC2055047BCA}.Release|Any CPU.Build.0 = Release|iPhone
		{DBCD753E-A838-44C4-B1DD-DC2055047BCA}.Release|Any CPU.Deploy.0 = Release|iPhone
		{DBCD753E-A838-44C4-B1DD-DC2055047BCA}.Release|iPhone.ActiveCfg = Release|iPhone
		{DBCD753E-A838-44C4-B1DD-DC2055047BCA}.Release|iPhone.Build.0 = Release|iPhone
		{DBCD753E-A838-44C4-B1DD-DC2055047BCA}.Release|iPhone.Deploy.0 = Release|iPhone
		{DBCD753E-A838-44C4-B1DD-DC2055047BCA}.Release|iPhoneSimulator.ActiveCfg = Release|iPhoneSimulator
		{DBCD753E-A838-44C4-B1DD-DC2055047BCA}.Release|iPhoneSimulator.Build.0 = Release|iPhoneSimulator
		{DBCD753E-A838-44C4-B1DD-DC2055047BCA}.Release|iPhoneSimulator.Deploy.0 = Release|iPhoneSimulator
		{DBCD753E-A838-44C4-B1DD-DC2055047BCA}.Steam|Any CPU.ActiveCfg = Release|iPhone
		{DBCD753E-A838-44C4-B1DD-DC2055047BCA}.Steam|Any CPU.Build.0 = Release|iPhone
		{DBCD753E-A838-44C4-B1DD-DC2055047BCA}.Steam|Any CPU.Deploy.0 = Release|iPhone
		{DBCD753E-A838-44C4-B1DD-DC2055047BCA}.Steam|iPhone.ActiveCfg = Release|iPhone
		{DBCD753E-A838-44C4-B1DD-DC2055047BCA}.Steam|iPhone.Build.0 = Release|iPhone
		{DBCD753E-A838-44C4-B1DD-DC2055047BCA}.Steam|iPhone.Deploy.0 = Release|iPhone
		{DBCD753E-A838-44C4-B1DD-DC2055047BCA}.Steam|iPhoneSimulator.ActiveCfg = Release|iPhoneSimulator
		{DBCD753E-A838-44C4-B1DD-DC2055047BCA}.Steam|iPhoneSimulator.Build.0 = Release|iPhoneSimulator
		{DBCD753E-A838-44C4-B1DD-DC2055047BCA}.Steam|iPhoneSimulator.Deploy.0 = Release|iPhoneSimulator
		{DBCD753E-A838-44C4-B1DD-DC2055047BCA}.WindowsStore|Any CPU.ActiveCfg = Release|iPhone
		{DBCD753E-A838-44C4-B1DD-DC2055047BCA}.WindowsStore|Any CPU.Build.0 = Release|iPhone
		{DBCD753E-A838-44C4-B1DD-DC2055047BCA}.WindowsStore|Any CPU.Deploy.0 = Release|iPhone
		{DBCD753E-A838-44C4-B1DD-DC2055047BCA}.WindowsStore|iPhone.ActiveCfg = Release|iPhone
		{DBCD753E-A838-44C4-B1DD-DC2055047BCA}.WindowsStore|iPhone.Build.0 = Release|iPhone
		{DBCD753E-A838-44C4-B1DD-DC2055047BCA}.WindowsStore|iPhone.Deploy.0 = Release|iPhone
		{DBCD753E-A838-44C4-B1DD-DC2055047BCA}.WindowsStore|iPhoneSimulator.ActiveCfg = Release|iPhoneSimulator
		{DBCD753E-A838-44C4-B1DD-DC2055047BCA}.WindowsStore|iPhoneSimulator.Build.0 = Release|iPhoneSimulator
		{DBCD753E-A838-44C4-B1DD-DC2055047BCA}.WindowsStore|iPhoneSimulator.Deploy.0 = Release|iPhoneSimulator
		{DBCD753E-A838-44C4-B1DD-DC2055047BCA}.WindowsStoreDebug|Any CPU.ActiveCfg = Release|iPhone
		{DBCD753E-A838-44C4-B1DD-DC2055047BCA}.WindowsStoreDebug|Any CPU.Build.0 = Release|iPhone
		{DBCD753E-A838-44C4-B1DD-DC2055047BCA}.WindowsStoreDebug|Any CPU.Deploy.0 = Release|iPhone
		{DBCD753E-A838-44C4-B1DD-DC2055047BCA}.WindowsStoreDebug|iPhone.ActiveCfg = Debug|iPhone
		{DBCD753E-A838-44C4-B1DD-DC2055047BCA}.WindowsStoreDebug|iPhone.Build.0 = Debug|iPhone
		{DBCD753E-A838-44C4-B1DD-DC2055047BCA}.WindowsStoreDebug|iPhone.Deploy.0 = Debug|iPhone
		{DBCD753E-A838-44C4-B1DD-DC2055047BCA}.WindowsStoreDebug|iPhoneSimulator.ActiveCfg = Debug|iPhoneSimulator
		{DBCD753E-A838-44C4-B1DD-DC2055047BCA}.WindowsStoreDebug|iPhoneSimulator.Build.0 = Debug|iPhoneSimulator
		{DBCD753E-A838-44C4-B1DD-DC2055047BCA}.WindowsStoreDebug|iPhoneSimulator.Deploy.0 = Debug|iPhoneSimulator
		{D8C4C121-2EAA-4585-BA2D-0D39709D2EBD}.Debug|Any CPU.ActiveCfg = Debug|Any CPU
		{D8C4C121-2EAA-4585-BA2D-0D39709D2EBD}.Debug|Any CPU.Build.0 = Debug|Any CPU
		{D8C4C121-2EAA-4585-BA2D-0D39709D2EBD}.Debug|Any CPU.Deploy.0 = Debug|Any CPU
		{D8C4C121-2EAA-4585-BA2D-0D39709D2EBD}.Debug|iPhone.ActiveCfg = Debug|Any CPU
		{D8C4C121-2EAA-4585-BA2D-0D39709D2EBD}.Debug|iPhone.Build.0 = Debug|Any CPU
		{D8C4C121-2EAA-4585-BA2D-0D39709D2EBD}.Debug|iPhone.Deploy.0 = Debug|Any CPU
		{D8C4C121-2EAA-4585-BA2D-0D39709D2EBD}.Debug|iPhoneSimulator.ActiveCfg = Debug|Any CPU
		{D8C4C121-2EAA-4585-BA2D-0D39709D2EBD}.Debug|iPhoneSimulator.Build.0 = Debug|Any CPU
		{D8C4C121-2EAA-4585-BA2D-0D39709D2EBD}.Debug|iPhoneSimulator.Deploy.0 = Debug|Any CPU
		{D8C4C121-2EAA-4585-BA2D-0D39709D2EBD}.Release|Any CPU.ActiveCfg = Release|Any CPU
		{D8C4C121-2EAA-4585-BA2D-0D39709D2EBD}.Release|Any CPU.Build.0 = Release|Any CPU
		{D8C4C121-2EAA-4585-BA2D-0D39709D2EBD}.Release|Any CPU.Deploy.0 = Release|Any CPU
		{D8C4C121-2EAA-4585-BA2D-0D39709D2EBD}.Release|iPhone.ActiveCfg = Release|Any CPU
		{D8C4C121-2EAA-4585-BA2D-0D39709D2EBD}.Release|iPhone.Build.0 = Release|Any CPU
		{D8C4C121-2EAA-4585-BA2D-0D39709D2EBD}.Release|iPhone.Deploy.0 = Release|Any CPU
		{D8C4C121-2EAA-4585-BA2D-0D39709D2EBD}.Release|iPhoneSimulator.ActiveCfg = Release|Any CPU
		{D8C4C121-2EAA-4585-BA2D-0D39709D2EBD}.Release|iPhoneSimulator.Build.0 = Release|Any CPU
		{D8C4C121-2EAA-4585-BA2D-0D39709D2EBD}.Release|iPhoneSimulator.Deploy.0 = Release|Any CPU
		{D8C4C121-2EAA-4585-BA2D-0D39709D2EBD}.Steam|Any CPU.ActiveCfg = Debug|Any CPU
		{D8C4C121-2EAA-4585-BA2D-0D39709D2EBD}.Steam|Any CPU.Build.0 = Debug|Any CPU
		{D8C4C121-2EAA-4585-BA2D-0D39709D2EBD}.Steam|iPhone.ActiveCfg = Debug|Any CPU
		{D8C4C121-2EAA-4585-BA2D-0D39709D2EBD}.Steam|iPhone.Build.0 = Debug|Any CPU
		{D8C4C121-2EAA-4585-BA2D-0D39709D2EBD}.Steam|iPhoneSimulator.ActiveCfg = Debug|Any CPU
		{D8C4C121-2EAA-4585-BA2D-0D39709D2EBD}.Steam|iPhoneSimulator.Build.0 = Debug|Any CPU
		{D8C4C121-2EAA-4585-BA2D-0D39709D2EBD}.WindowsStore|Any CPU.ActiveCfg = Debug|Any CPU
		{D8C4C121-2EAA-4585-BA2D-0D39709D2EBD}.WindowsStore|Any CPU.Build.0 = Debug|Any CPU
		{D8C4C121-2EAA-4585-BA2D-0D39709D2EBD}.WindowsStore|iPhone.ActiveCfg = Debug|Any CPU
		{D8C4C121-2EAA-4585-BA2D-0D39709D2EBD}.WindowsStore|iPhone.Build.0 = Debug|Any CPU
		{D8C4C121-2EAA-4585-BA2D-0D39709D2EBD}.WindowsStore|iPhoneSimulator.ActiveCfg = Debug|Any CPU
		{D8C4C121-2EAA-4585-BA2D-0D39709D2EBD}.WindowsStore|iPhoneSimulator.Build.0 = Debug|Any CPU
		{D8C4C121-2EAA-4585-BA2D-0D39709D2EBD}.WindowsStoreDebug|Any CPU.ActiveCfg = Debug|Any CPU
		{D8C4C121-2EAA-4585-BA2D-0D39709D2EBD}.WindowsStoreDebug|Any CPU.Build.0 = Debug|Any CPU
		{D8C4C121-2EAA-4585-BA2D-0D39709D2EBD}.WindowsStoreDebug|iPhone.ActiveCfg = Debug|Any CPU
		{D8C4C121-2EAA-4585-BA2D-0D39709D2EBD}.WindowsStoreDebug|iPhone.Build.0 = Debug|Any CPU
		{D8C4C121-2EAA-4585-BA2D-0D39709D2EBD}.WindowsStoreDebug|iPhoneSimulator.ActiveCfg = Debug|Any CPU
		{D8C4C121-2EAA-4585-BA2D-0D39709D2EBD}.WindowsStoreDebug|iPhoneSimulator.Build.0 = Debug|Any CPU
		{AE9F7628-ED73-4BB7-8E39-0BF1C1F868FC}.Debug|Any CPU.ActiveCfg = Debug|Any CPU
		{AE9F7628-ED73-4BB7-8E39-0BF1C1F868FC}.Debug|Any CPU.Build.0 = Debug|Any CPU
		{AE9F7628-ED73-4BB7-8E39-0BF1C1F868FC}.Debug|iPhone.ActiveCfg = Debug|Any CPU
		{AE9F7628-ED73-4BB7-8E39-0BF1C1F868FC}.Debug|iPhone.Build.0 = Debug|Any CPU
		{AE9F7628-ED73-4BB7-8E39-0BF1C1F868FC}.Debug|iPhoneSimulator.ActiveCfg = Debug|Any CPU
		{AE9F7628-ED73-4BB7-8E39-0BF1C1F868FC}.Debug|iPhoneSimulator.Build.0 = Debug|Any CPU
		{AE9F7628-ED73-4BB7-8E39-0BF1C1F868FC}.Release|Any CPU.ActiveCfg = Release|Any CPU
		{AE9F7628-ED73-4BB7-8E39-0BF1C1F868FC}.Release|Any CPU.Build.0 = Release|Any CPU
		{AE9F7628-ED73-4BB7-8E39-0BF1C1F868FC}.Release|iPhone.ActiveCfg = Release|Any CPU
		{AE9F7628-ED73-4BB7-8E39-0BF1C1F868FC}.Release|iPhone.Build.0 = Release|Any CPU
		{AE9F7628-ED73-4BB7-8E39-0BF1C1F868FC}.Release|iPhoneSimulator.ActiveCfg = Release|Any CPU
		{AE9F7628-ED73-4BB7-8E39-0BF1C1F868FC}.Release|iPhoneSimulator.Build.0 = Release|Any CPU
		{AE9F7628-ED73-4BB7-8E39-0BF1C1F868FC}.Steam|Any CPU.ActiveCfg = Debug|Any CPU
		{AE9F7628-ED73-4BB7-8E39-0BF1C1F868FC}.Steam|Any CPU.Build.0 = Debug|Any CPU
		{AE9F7628-ED73-4BB7-8E39-0BF1C1F868FC}.Steam|iPhone.ActiveCfg = Debug|Any CPU
		{AE9F7628-ED73-4BB7-8E39-0BF1C1F868FC}.Steam|iPhone.Build.0 = Debug|Any CPU
		{AE9F7628-ED73-4BB7-8E39-0BF1C1F868FC}.Steam|iPhoneSimulator.ActiveCfg = Debug|Any CPU
		{AE9F7628-ED73-4BB7-8E39-0BF1C1F868FC}.Steam|iPhoneSimulator.Build.0 = Debug|Any CPU
		{AE9F7628-ED73-4BB7-8E39-0BF1C1F868FC}.WindowsStore|Any CPU.ActiveCfg = Debug|Any CPU
		{AE9F7628-ED73-4BB7-8E39-0BF1C1F868FC}.WindowsStore|Any CPU.Build.0 = Debug|Any CPU
		{AE9F7628-ED73-4BB7-8E39-0BF1C1F868FC}.WindowsStore|iPhone.ActiveCfg = Debug|Any CPU
		{AE9F7628-ED73-4BB7-8E39-0BF1C1F868FC}.WindowsStore|iPhone.Build.0 = Debug|Any CPU
		{AE9F7628-ED73-4BB7-8E39-0BF1C1F868FC}.WindowsStore|iPhoneSimulator.ActiveCfg = Debug|Any CPU
		{AE9F7628-ED73-4BB7-8E39-0BF1C1F868FC}.WindowsStore|iPhoneSimulator.Build.0 = Debug|Any CPU
		{AE9F7628-ED73-4BB7-8E39-0BF1C1F868FC}.WindowsStoreDebug|Any CPU.ActiveCfg = Debug|Any CPU
		{AE9F7628-ED73-4BB7-8E39-0BF1C1F868FC}.WindowsStoreDebug|Any CPU.Build.0 = Debug|Any CPU
		{AE9F7628-ED73-4BB7-8E39-0BF1C1F868FC}.WindowsStoreDebug|iPhone.ActiveCfg = Debug|Any CPU
		{AE9F7628-ED73-4BB7-8E39-0BF1C1F868FC}.WindowsStoreDebug|iPhone.Build.0 = Debug|Any CPU
		{AE9F7628-ED73-4BB7-8E39-0BF1C1F868FC}.WindowsStoreDebug|iPhoneSimulator.ActiveCfg = Debug|Any CPU
		{AE9F7628-ED73-4BB7-8E39-0BF1C1F868FC}.WindowsStoreDebug|iPhoneSimulator.Build.0 = Debug|Any CPU
		{1FE0A8A6-F2BF-4192-AA5B-9EA5F9DB8A5A}.Debug|Any CPU.ActiveCfg = Debug|Any CPU
		{1FE0A8A6-F2BF-4192-AA5B-9EA5F9DB8A5A}.Debug|Any CPU.Build.0 = Debug|Any CPU
		{1FE0A8A6-F2BF-4192-AA5B-9EA5F9DB8A5A}.Debug|iPhone.ActiveCfg = Debug|Any CPU
		{1FE0A8A6-F2BF-4192-AA5B-9EA5F9DB8A5A}.Debug|iPhone.Build.0 = Debug|Any CPU
		{1FE0A8A6-F2BF-4192-AA5B-9EA5F9DB8A5A}.Debug|iPhoneSimulator.ActiveCfg = Debug|Any CPU
		{1FE0A8A6-F2BF-4192-AA5B-9EA5F9DB8A5A}.Debug|iPhoneSimulator.Build.0 = Debug|Any CPU
		{1FE0A8A6-F2BF-4192-AA5B-9EA5F9DB8A5A}.Release|Any CPU.ActiveCfg = Release|Any CPU
		{1FE0A8A6-F2BF-4192-AA5B-9EA5F9DB8A5A}.Release|Any CPU.Build.0 = Release|Any CPU
		{1FE0A8A6-F2BF-4192-AA5B-9EA5F9DB8A5A}.Release|iPhone.ActiveCfg = Release|Any CPU
		{1FE0A8A6-F2BF-4192-AA5B-9EA5F9DB8A5A}.Release|iPhone.Build.0 = Release|Any CPU
		{1FE0A8A6-F2BF-4192-AA5B-9EA5F9DB8A5A}.Release|iPhoneSimulator.ActiveCfg = Release|Any CPU
		{1FE0A8A6-F2BF-4192-AA5B-9EA5F9DB8A5A}.Release|iPhoneSimulator.Build.0 = Release|Any CPU
		{1FE0A8A6-F2BF-4192-AA5B-9EA5F9DB8A5A}.Steam|Any CPU.ActiveCfg = Debug|Any CPU
		{1FE0A8A6-F2BF-4192-AA5B-9EA5F9DB8A5A}.Steam|Any CPU.Build.0 = Debug|Any CPU
		{1FE0A8A6-F2BF-4192-AA5B-9EA5F9DB8A5A}.Steam|iPhone.ActiveCfg = Debug|Any CPU
		{1FE0A8A6-F2BF-4192-AA5B-9EA5F9DB8A5A}.Steam|iPhone.Build.0 = Debug|Any CPU
		{1FE0A8A6-F2BF-4192-AA5B-9EA5F9DB8A5A}.Steam|iPhoneSimulator.ActiveCfg = Debug|Any CPU
		{1FE0A8A6-F2BF-4192-AA5B-9EA5F9DB8A5A}.Steam|iPhoneSimulator.Build.0 = Debug|Any CPU
		{1FE0A8A6-F2BF-4192-AA5B-9EA5F9DB8A5A}.WindowsStore|Any CPU.ActiveCfg = Debug|Any CPU
		{1FE0A8A6-F2BF-4192-AA5B-9EA5F9DB8A5A}.WindowsStore|Any CPU.Build.0 = Debug|Any CPU
		{1FE0A8A6-F2BF-4192-AA5B-9EA5F9DB8A5A}.WindowsStore|iPhone.ActiveCfg = Debug|Any CPU
		{1FE0A8A6-F2BF-4192-AA5B-9EA5F9DB8A5A}.WindowsStore|iPhone.Build.0 = Debug|Any CPU
		{1FE0A8A6-F2BF-4192-AA5B-9EA5F9DB8A5A}.WindowsStore|iPhoneSimulator.ActiveCfg = Debug|Any CPU
		{1FE0A8A6-F2BF-4192-AA5B-9EA5F9DB8A5A}.WindowsStore|iPhoneSimulator.Build.0 = Debug|Any CPU
		{1FE0A8A6-F2BF-4192-AA5B-9EA5F9DB8A5A}.WindowsStoreDebug|Any CPU.ActiveCfg = Debug|Any CPU
		{1FE0A8A6-F2BF-4192-AA5B-9EA5F9DB8A5A}.WindowsStoreDebug|Any CPU.Build.0 = Debug|Any CPU
		{1FE0A8A6-F2BF-4192-AA5B-9EA5F9DB8A5A}.WindowsStoreDebug|iPhone.ActiveCfg = Debug|Any CPU
		{1FE0A8A6-F2BF-4192-AA5B-9EA5F9DB8A5A}.WindowsStoreDebug|iPhone.Build.0 = Debug|Any CPU
		{1FE0A8A6-F2BF-4192-AA5B-9EA5F9DB8A5A}.WindowsStoreDebug|iPhoneSimulator.ActiveCfg = Debug|Any CPU
		{1FE0A8A6-F2BF-4192-AA5B-9EA5F9DB8A5A}.WindowsStoreDebug|iPhoneSimulator.Build.0 = Debug|Any CPU
		{7B749ED0-7305-4D1A-88CC-6437CD3B6639}.Debug|Any CPU.ActiveCfg = Debug|Any CPU
		{7B749ED0-7305-4D1A-88CC-6437CD3B6639}.Debug|Any CPU.Build.0 = Debug|Any CPU
		{7B749ED0-7305-4D1A-88CC-6437CD3B6639}.Debug|iPhone.ActiveCfg = Debug|Any CPU
		{7B749ED0-7305-4D1A-88CC-6437CD3B6639}.Debug|iPhone.Build.0 = Debug|Any CPU
		{7B749ED0-7305-4D1A-88CC-6437CD3B6639}.Debug|iPhoneSimulator.ActiveCfg = Debug|Any CPU
		{7B749ED0-7305-4D1A-88CC-6437CD3B6639}.Debug|iPhoneSimulator.Build.0 = Debug|Any CPU
		{7B749ED0-7305-4D1A-88CC-6437CD3B6639}.Release|Any CPU.ActiveCfg = Release|Any CPU
		{7B749ED0-7305-4D1A-88CC-6437CD3B6639}.Release|Any CPU.Build.0 = Release|Any CPU
		{7B749ED0-7305-4D1A-88CC-6437CD3B6639}.Release|iPhone.ActiveCfg = Release|Any CPU
		{7B749ED0-7305-4D1A-88CC-6437CD3B6639}.Release|iPhone.Build.0 = Release|Any CPU
		{7B749ED0-7305-4D1A-88CC-6437CD3B6639}.Release|iPhoneSimulator.ActiveCfg = Release|Any CPU
		{7B749ED0-7305-4D1A-88CC-6437CD3B6639}.Release|iPhoneSimulator.Build.0 = Release|Any CPU
		{7B749ED0-7305-4D1A-88CC-6437CD3B6639}.Steam|Any CPU.ActiveCfg = Debug|Any CPU
		{7B749ED0-7305-4D1A-88CC-6437CD3B6639}.Steam|Any CPU.Build.0 = Debug|Any CPU
		{7B749ED0-7305-4D1A-88CC-6437CD3B6639}.Steam|iPhone.ActiveCfg = Debug|Any CPU
		{7B749ED0-7305-4D1A-88CC-6437CD3B6639}.Steam|iPhone.Build.0 = Debug|Any CPU
		{7B749ED0-7305-4D1A-88CC-6437CD3B6639}.Steam|iPhoneSimulator.ActiveCfg = Debug|Any CPU
		{7B749ED0-7305-4D1A-88CC-6437CD3B6639}.Steam|iPhoneSimulator.Build.0 = Debug|Any CPU
		{7B749ED0-7305-4D1A-88CC-6437CD3B6639}.WindowsStore|Any CPU.ActiveCfg = Debug|Any CPU
		{7B749ED0-7305-4D1A-88CC-6437CD3B6639}.WindowsStore|Any CPU.Build.0 = Debug|Any CPU
		{7B749ED0-7305-4D1A-88CC-6437CD3B6639}.WindowsStore|iPhone.ActiveCfg = Debug|Any CPU
		{7B749ED0-7305-4D1A-88CC-6437CD3B6639}.WindowsStore|iPhone.Build.0 = Debug|Any CPU
		{7B749ED0-7305-4D1A-88CC-6437CD3B6639}.WindowsStore|iPhoneSimulator.ActiveCfg = Debug|Any CPU
		{7B749ED0-7305-4D1A-88CC-6437CD3B6639}.WindowsStore|iPhoneSimulator.Build.0 = Debug|Any CPU
		{7B749ED0-7305-4D1A-88CC-6437CD3B6639}.WindowsStoreDebug|Any CPU.ActiveCfg = Debug|Any CPU
		{7B749ED0-7305-4D1A-88CC-6437CD3B6639}.WindowsStoreDebug|Any CPU.Build.0 = Debug|Any CPU
		{7B749ED0-7305-4D1A-88CC-6437CD3B6639}.WindowsStoreDebug|iPhone.ActiveCfg = Debug|Any CPU
		{7B749ED0-7305-4D1A-88CC-6437CD3B6639}.WindowsStoreDebug|iPhone.Build.0 = Debug|Any CPU
		{7B749ED0-7305-4D1A-88CC-6437CD3B6639}.WindowsStoreDebug|iPhoneSimulator.ActiveCfg = Debug|Any CPU
		{7B749ED0-7305-4D1A-88CC-6437CD3B6639}.WindowsStoreDebug|iPhoneSimulator.Build.0 = Debug|Any CPU
	EndGlobalSection
	GlobalSection(SolutionProperties) = preSolution
		HideSolutionNode = FALSE
	EndGlobalSection
	GlobalSection(ExtensibilityGlobals) = postSolution
		SolutionGuid = {5311AFFE-12ED-45F4-9148-1D4219098117}
	EndGlobalSection
EndGlobal
